
Microsoft Visual Studio Solution File, Format Version 12.00
# Visual Studio 15
VisualStudioVersion = 15.0.28307.645
MinimumVisualStudioVersion = 10.0.40219.1
Project("{8BC9CEB8-8B4A-11D0-8D11-00A0C91BC942}") = "ctpdemo", "ctpdemo\ctpdemo.vcxproj", "{DE9CAC7F-F7DA-49EF-98C6-6004C6A3C650}"
EndProject
Global
	GlobalSection(SolutionConfigurationPlatforms) = preSolution
		Debug|ARM = Debug|ARM
		Debug|ARM64 = Debug|ARM64
		Debug|x64 = Debug|x64
		Debug|x86 = Debug|x86
		Release|ARM = Release|ARM
		Release|ARM64 = Release|ARM64
		Release|x64 = Release|x64
		Release|x86 = Release|x86
	EndGlobalSection
	GlobalSection(ProjectConfigurationPlatforms) = postSolution
		{DE9CAC7F-F7DA-49EF-98C6-6004C6A3C650}.Debug|ARM.ActiveCfg = Debug|ARM
		{DE9CAC7F-F7DA-49EF-98C6-6004C6A3C650}.Debug|ARM.Build.0 = Debug|ARM
		{DE9CAC7F-F7DA-49EF-98C6-6004C6A3C650}.Debug|ARM64.ActiveCfg = Debug|ARM64
		{DE9CAC7F-F7DA-49EF-98C6-6004C6A3C650}.Debug|ARM64.Build.0 = Debug|ARM64
		{DE9CAC7F-F7DA-49EF-98C6-6004C6A3C650}.Debug|x64.ActiveCfg = Debug|x64
		{DE9CAC7F-F7DA-49EF-98C6-6004C6A3C650}.Debug|x64.Build.0 = Debug|x64
		{DE9CAC7F-F7DA-49EF-98C6-6004C6A3C650}.Debug|x86.ActiveCfg = Debug|x86
		{DE9CAC7F-F7DA-49EF-98C6-6004C6A3C650}.Debug|x86.Build.0 = Debug|x86
		{DE9CAC7F-F7DA-49EF-98C6-6004C6A3C650}.Release|ARM.ActiveCfg = Release|ARM
		{DE9CAC7F-F7DA-49EF-98C6-6004C6A3C650}.Release|ARM.Build.0 = Release|ARM
		{DE9CAC7F-F7DA-49EF-98C6-6004C6A3C650}.Release|ARM64.ActiveCfg = Release|ARM64
		{DE9CAC7F-F7DA-49EF-98C6-6004C6A3C650}.Release|ARM64.Build.0 = Release|ARM64
		{DE9CAC7F-F7DA-49EF-98C6-6004C6A3C650}.Release|x64.ActiveCfg = Release|x64
		{DE9CAC7F-F7DA-49EF-98C6-6004C6A3C650}.Release|x64.Build.0 = Release|x64
		{DE9CAC7F-F7DA-49EF-98C6-6004C6A3C650}.Release|x86.ActiveCfg = Release|x86
		{DE9CAC7F-F7DA-49EF-98C6-6004C6A3C650}.Release|x86.Build.0 = Release|x86
	EndGlobalSection
	GlobalSection(SolutionProperties) = preSolution
		HideSolutionNode = FALSE
	EndGlobalSection
	GlobalSection(ExtensibilityGlobals) = postSolution
		SolutionGuid = {CB8CE7BD-A4C8-4482-8CE2-B2590467FD66}
	EndGlobalSection
EndGlobal
